
Microsoft Visual Studio Solution File, Format Version 12.00
# Visual Studio Version 17
VisualStudioVersion = 17.0.31903.59
MinimumVisualStudioVersion = 10.0.40219.1
Project("{FAE04EC0-301F-11D3-BF4B-00C04F79EFBC}") = "PomodoroTimer", "PomodoroTimer\PomodoroTimer.csproj", "{0522D80B-C714-4CDC-8B40-61BF4546AFFC}"
EndProject
Project("{FAE04EC0-301F-11D3-BF4B-00C04F79EFBC}") = "PomodoroTimer.Tests", "PomodoroTimer.Tests\PomodoroTimer.Tests.csproj", "{2581EC69-16AB-48A0-9BB1-54BCE43C734B}"
EndProject
Global
	GlobalSection(SolutionConfigurationPlatforms) = preSolution
		Debug|Any CPU = Debug|Any CPU
		Release|Any CPU = Release|Any CPU
	EndGlobalSection
	GlobalSection(ProjectConfigurationPlatforms) = postSolution
		{0522D80B-C714-4CDC-8B40-61BF4546AFFC}.Debug|Any CPU.ActiveCfg = Debug|Any CPU
		{0522D80B-C714-4CDC-8B40-61BF4546AFFC}.Debug|Any CPU.Build.0 = Debug|Any CPU
		{0522D80B-C714-4CDC-8B40-61BF4546AFFC}.Release|Any CPU.ActiveCfg = Release|Any CPU
		{0522D80B-C714-4CDC-8B40-61BF4546AFFC}.Release|Any CPU.Build.0 = Release|Any CPU
		{2581EC69-16AB-48A0-9BB1-54BCE43C734B}.Debug|Any CPU.ActiveCfg = Debug|Any CPU
		{2581EC69-16AB-48A0-9BB1-54BCE43C734B}.Debug|Any CPU.Build.0 = Debug|Any CPU
		{2581EC69-16AB-48A0-9BB1-54BCE43C734B}.Release|Any CPU.ActiveCfg = Release|Any CPU
		{2581EC69-16AB-48A0-9BB1-54BCE43C734B}.Release|Any CPU.Build.0 = Release|Any CPU
	EndGlobalSection
	GlobalSection(SolutionProperties) = preSolution
		HideSolutionNode = FALSE
	EndGlobalSection
EndGlobal
